// !$*UTF8*$!
{
	archiveVersion = 1;
	classes = {
	};
	objectVersion = 46;
	objects = {

/* Begin PBXBuildFile section */
		32B02F421CC79D440049E378 /* libGLEW.a in Frameworks */ = {isa = PBXBuildFile; fileRef = 32CD5D4F1CC76C8B0064618C /* libGLEW.a */; };
		32B02F431CC79D440049E378 /* libglfw3.a in Frameworks */ = {isa = PBXBuildFile; fileRef = 32CD5D501CC76C8B0064618C /* libglfw3.a */; };
		32B02F441CC79D440049E378 /* libSOIL.a in Frameworks */ = {isa = PBXBuildFile; fileRef = 32CD5D511CC76C8B0064618C /* libSOIL.a */; };
		32B02F451CC79D440049E378 /* Cocoa.framework in Frameworks */ = {isa = PBXBuildFile; fileRef = 32E07B311C46910E00A89610 /* Cocoa.framework */; };
		32B02F461CC79D440049E378 /* Carbon.framework in Frameworks */ = {isa = PBXBuildFile; fileRef = 32E07B371C46929000A89610 /* Carbon.framework */; };
		32B02F471CC79D440049E378 /* CoreVideo.framework in Frameworks */ = {isa = PBXBuildFile; fileRef = 32E07B351C46912100A89610 /* CoreVideo.framework */; };
		32B02F481CC79D440049E378 /* OpenGL.framework in Frameworks */ = {isa = PBXBuildFile; fileRef = 32E07B2F1C46910800A89610 /* OpenGL.framework */; };
		32B02F491CC79D440049E378 /* GLUT.framework in Frameworks */ = {isa = PBXBuildFile; fileRef = 32E07B2D1C4690FE00A89610 /* GLUT.framework */; };
		32B02F4A1CC79D440049E378 /* CoreFoundation.framework in Frameworks */ = {isa = PBXBuildFile; fileRef = 32E07B2B1C4690CC00A89610 /* CoreFoundation.framework */; };
		32B02F4B1CC79D440049E378 /* IOKit.framework in Frameworks */ = {isa = PBXBuildFile; fileRef = 32E07B331C46911800A89610 /* IOKit.framework */; };
		32B02F591CC79E760049E378 /* main.cpp in Sources */ = {isa = PBXBuildFile; fileRef = 32B02F561CC79DFB0049E378 /* main.cpp */; };
		32CD5D601CC76D9B0064618C /* libGLEW.a in Frameworks */ = {isa = PBXBuildFile; fileRef = 32CD5D4F1CC76C8B0064618C /* libGLEW.a */; };
		32CD5D611CC76D9D0064618C /* libglfw3.a in Frameworks */ = {isa = PBXBuildFile; fileRef = 32CD5D501CC76C8B0064618C /* libglfw3.a */; };
		32CD5D621CC76D9F0064618C /* libSOIL.a in Frameworks */ = {isa = PBXBuildFile; fileRef = 32CD5D511CC76C8B0064618C /* libSOIL.a */; };
		32CD5D631CC76DA10064618C /* Carbon.framework in Frameworks */ = {isa = PBXBuildFile; fileRef = 32E07B371C46929000A89610 /* Carbon.framework */; };
		32CD5D641CC76DA50064618C /* CoreVideo.framework in Frameworks */ = {isa = PBXBuildFile; fileRef = 32E07B351C46912100A89610 /* CoreVideo.framework */; };
		32CD5D651CC76DA70064618C /* IOKit.framework in Frameworks */ = {isa = PBXBuildFile; fileRef = 32E07B331C46911800A89610 /* IOKit.framework */; };
		32CD5D661CC76DAB0064618C /* Cocoa.framework in Frameworks */ = {isa = PBXBuildFile; fileRef = 32E07B311C46910E00A89610 /* Cocoa.framework */; };
		32CD5D671CC76DAE0064618C /* OpenGL.framework in Frameworks */ = {isa = PBXBuildFile; fileRef = 32E07B2F1C46910800A89610 /* OpenGL.framework */; };
		32CD5D681CC76DB00064618C /* GLUT.framework in Frameworks */ = {isa = PBXBuildFile; fileRef = 32E07B2D1C4690FE00A89610 /* GLUT.framework */; };
		32CD5D691CC76DB20064618C /* CoreFoundation.framework in Frameworks */ = {isa = PBXBuildFile; fileRef = 32E07B2B1C4690CC00A89610 /* CoreFoundation.framework */; };
		32CD5D6A1CC770580064618C /* main.cpp in Sources */ = {isa = PBXBuildFile; fileRef = 32CD5D5B1CC76D3D0064618C /* main.cpp */; };
		32CD5D6F1CC772310064618C /* libGLEW.a in Frameworks */ = {isa = PBXBuildFile; fileRef = 32CD5D4F1CC76C8B0064618C /* libGLEW.a */; };
		32CD5D701CC772310064618C /* libglfw3.a in Frameworks */ = {isa = PBXBuildFile; fileRef = 32CD5D501CC76C8B0064618C /* libglfw3.a */; };
		32CD5D711CC772310064618C /* libSOIL.a in Frameworks */ = {isa = PBXBuildFile; fileRef = 32CD5D511CC76C8B0064618C /* libSOIL.a */; };
		32CD5D721CC772310064618C /* Cocoa.framework in Frameworks */ = {isa = PBXBuildFile; fileRef = 32E07B311C46910E00A89610 /* Cocoa.framework */; };
		32CD5D731CC772310064618C /* Carbon.framework in Frameworks */ = {isa = PBXBuildFile; fileRef = 32E07B371C46929000A89610 /* Carbon.framework */; };
		32CD5D741CC772310064618C /* CoreVideo.framework in Frameworks */ = {isa = PBXBuildFile; fileRef = 32E07B351C46912100A89610 /* CoreVideo.framework */; };
		32CD5D751CC772310064618C /* OpenGL.framework in Frameworks */ = {isa = PBXBuildFile; fileRef = 32E07B2F1C46910800A89610 /* OpenGL.framework */; };
		32CD5D761CC772310064618C /* GLUT.framework in Frameworks */ = {isa = PBXBuildFile; fileRef = 32E07B2D1C4690FE00A89610 /* GLUT.framework */; };
		32CD5D771CC772310064618C /* CoreFoundation.framework in Frameworks */ = {isa = PBXBuildFile; fileRef = 32E07B2B1C4690CC00A89610 /* CoreFoundation.framework */; };
		32CD5D781CC772310064618C /* IOKit.framework in Frameworks */ = {isa = PBXBuildFile; fileRef = 32E07B331C46911800A89610 /* IOKit.framework */; };
		32CD5D7E1CC772560064618C /* main.cpp in Sources */ = {isa = PBXBuildFile; fileRef = 32E017C81C4E5F19005EE4DE /* main.cpp */; };
		32CD5D831CC773510064618C /* libGLEW.a in Frameworks */ = {isa = PBXBuildFile; fileRef = 32CD5D4F1CC76C8B0064618C /* libGLEW.a */; };
		32CD5D841CC773510064618C /* libglfw3.a in Frameworks */ = {isa = PBXBuildFile; fileRef = 32CD5D501CC76C8B0064618C /* libglfw3.a */; };
		32CD5D851CC773510064618C /* libSOIL.a in Frameworks */ = {isa = PBXBuildFile; fileRef = 32CD5D511CC76C8B0064618C /* libSOIL.a */; };
		32CD5D861CC773510064618C /* Cocoa.framework in Frameworks */ = {isa = PBXBuildFile; fileRef = 32E07B311C46910E00A89610 /* Cocoa.framework */; };
		32CD5D871CC773510064618C /* Carbon.framework in Frameworks */ = {isa = PBXBuildFile; fileRef = 32E07B371C46929000A89610 /* Carbon.framework */; };
		32CD5D881CC773510064618C /* CoreVideo.framework in Frameworks */ = {isa = PBXBuildFile; fileRef = 32E07B351C46912100A89610 /* CoreVideo.framework */; };
		32CD5D891CC773510064618C /* OpenGL.framework in Frameworks */ = {isa = PBXBuildFile; fileRef = 32E07B2F1C46910800A89610 /* OpenGL.framework */; };
		32CD5D8A1CC773510064618C /* GLUT.framework in Frameworks */ = {isa = PBXBuildFile; fileRef = 32E07B2D1C4690FE00A89610 /* GLUT.framework */; };
		32CD5D8B1CC773510064618C /* CoreFoundation.framework in Frameworks */ = {isa = PBXBuildFile; fileRef = 32E07B2B1C4690CC00A89610 /* CoreFoundation.framework */; };
		32CD5D8C1CC773510064618C /* IOKit.framework in Frameworks */ = {isa = PBXBuildFile; fileRef = 32E07B331C46911800A89610 /* IOKit.framework */; };
		32CD5D921CC7736E0064618C /* main.cpp in Sources */ = {isa = PBXBuildFile; fileRef = 32FFDBAE1C8E84110073BC9F /* main.cpp */; };
		32CD5D971CC7744E0064618C /* libGLEW.a in Frameworks */ = {isa = PBXBuildFile; fileRef = 32CD5D4F1CC76C8B0064618C /* libGLEW.a */; };
		32CD5D981CC7744E0064618C /* libglfw3.a in Frameworks */ = {isa = PBXBuildFile; fileRef = 32CD5D501CC76C8B0064618C /* libglfw3.a */; };
		32CD5D991CC7744E0064618C /* libSOIL.a in Frameworks */ = {isa = PBXBuildFile; fileRef = 32CD5D511CC76C8B0064618C /* libSOIL.a */; };
		32CD5D9A1CC7744E0064618C /* Cocoa.framework in Frameworks */ = {isa = PBXBuildFile; fileRef = 32E07B311C46910E00A89610 /* Cocoa.framework */; };
		32CD5D9B1CC7744E0064618C /* Carbon.framework in Frameworks */ = {isa = PBXBuildFile; fileRef = 32E07B371C46929000A89610 /* Carbon.framework */; };
		32CD5D9C1CC7744E0064618C /* CoreVideo.framework in Frameworks */ = {isa = PBXBuildFile; fileRef = 32E07B351C46912100A89610 /* CoreVideo.framework */; };
		32CD5D9D1CC7744E0064618C /* OpenGL.framework in Frameworks */ = {isa = PBXBuildFile; fileRef = 32E07B2F1C46910800A89610 /* OpenGL.framework */; };
		32CD5D9E1CC7744E0064618C /* GLUT.framework in Frameworks */ = {isa = PBXBuildFile; fileRef = 32E07B2D1C4690FE00A89610 /* GLUT.framework */; };
		32CD5D9F1CC7744E0064618C /* CoreFoundation.framework in Frameworks */ = {isa = PBXBuildFile; fileRef = 32E07B2B1C4690CC00A89610 /* CoreFoundation.framework */; };
		32CD5DA01CC7744E0064618C /* IOKit.framework in Frameworks */ = {isa = PBXBuildFile; fileRef = 32E07B331C46911800A89610 /* IOKit.framework */; };
		32CD5DA61CC774640064618C /* main.cpp in Sources */ = {isa = PBXBuildFile; fileRef = 32E006171C9262D500B391B3 /* main.cpp */; };
/* End PBXBuildFile section */

/* Begin PBXCopyFilesBuildPhase section */
		32B02F4C1CC79D440049E378 /* CopyFiles */ = {
			isa = PBXCopyFilesBuildPhase;
			buildActionMask = 2147483647;
			dstPath = /usr/share/man/man1/;
			dstSubfolderSpec = 0;
			files = (
			);
			runOnlyForDeploymentPostprocessing = 1;
		};
		32CD5D571CC76D3D0064618C /* CopyFiles */ = {
			isa = PBXCopyFilesBuildPhase;
			buildActionMask = 2147483647;
			dstPath = /usr/share/man/man1/;
			dstSubfolderSpec = 0;
			files = (
			);
			runOnlyForDeploymentPostprocessing = 1;
		};
		32CD5D791CC772310064618C /* CopyFiles */ = {
			isa = PBXCopyFilesBuildPhase;
			buildActionMask = 2147483647;
			dstPath = /usr/share/man/man1/;
			dstSubfolderSpec = 0;
			files = (
			);
			runOnlyForDeploymentPostprocessing = 1;
		};
		32CD5D8D1CC773510064618C /* CopyFiles */ = {
			isa = PBXCopyFilesBuildPhase;
			buildActionMask = 2147483647;
			dstPath = /usr/share/man/man1/;
			dstSubfolderSpec = 0;
			files = (
			);
			runOnlyForDeploymentPostprocessing = 1;
		};
		32CD5DA11CC7744E0064618C /* CopyFiles */ = {
			isa = PBXCopyFilesBuildPhase;
			buildActionMask = 2147483647;
			dstPath = /usr/share/man/man1/;
			dstSubfolderSpec = 0;
			files = (
			);
			runOnlyForDeploymentPostprocessing = 1;
		};
/* End PBXCopyFilesBuildPhase section */

/* Begin PBXFileReference section */
		3227F56A1CE323C3009EA09B /* config.h */ = {isa = PBXFileReference; fileEncoding = 4; lastKnownFileType = sourcecode.c.h; path = config.h; sourceTree = "<group>"; };
		329E48771CC8AF18003F5F78 /* v.jpg */ = {isa = PBXFileReference; lastKnownFileType = image.jpeg; name = v.jpg; path = res/v.jpg; sourceTree = "<group>"; };
		329E48781CC8AF18003F5F78 /* wall.jpg */ = {isa = PBXFileReference; lastKnownFileType = image.jpeg; name = wall.jpg; path = res/wall.jpg; sourceTree = "<group>"; };
		32B02F501CC79D440049E378 /* 05-coordinate-system */ = {isa = PBXFileReference; explicitFileType = "compiled.mach-o.executable"; includeInIndex = 0; path = "05-coordinate-system"; sourceTree = BUILT_PRODUCTS_DIR; };
		32B02F561CC79DFB0049E378 /* main.cpp */ = {isa = PBXFileReference; fileEncoding = 4; lastKnownFileType = sourcecode.cpp.cpp; name = main.cpp; path = "05-coordinate-system/main.cpp"; sourceTree = "<group>"; };
		32B02F581CC79E370049E378 /* Shader.h */ = {isa = PBXFileReference; fileEncoding = 4; lastKnownFileType = sourcecode.c.h; name = Shader.h; path = "05-coordinate-system/Shader.h"; sourceTree = "<group>"; };
		32B02F5A1CC7A14B0049E378 /* shader.vs */ = {isa = PBXFileReference; fileEncoding = 4; lastKnownFileType = sourcecode.glsl; name = shader.vs; path = "05-coordinate-system/shader.vs"; sourceTree = "<group>"; };
		32B02F5B1CC7A14B0049E378 /* shader.frag */ = {isa = PBXFileReference; fileEncoding = 4; lastKnownFileType = sourcecode.glsl; name = shader.frag; path = "05-coordinate-system/shader.frag"; sourceTree = "<group>"; };
		32CD5D4F1CC76C8B0064618C /* libGLEW.a */ = {isa = PBXFileReference; lastKnownFileType = archive.ar; name = libGLEW.a; path = "third-libs/libGLEW.a"; sourceTree = "<group>"; };
		32CD5D501CC76C8B0064618C /* libglfw3.a */ = {isa = PBXFileReference; lastKnownFileType = archive.ar; name = libglfw3.a; path = "third-libs/libglfw3.a"; sourceTree = "<group>"; };
		32CD5D511CC76C8B0064618C /* libSOIL.a */ = {isa = PBXFileReference; lastKnownFileType = archive.ar; name = libSOIL.a; path = "third-libs/libSOIL.a"; sourceTree = "<group>"; };
		32CD5D591CC76D3D0064618C /* 01-triangle */ = {isa = PBXFileReference; explicitFileType = "compiled.mach-o.executable"; includeInIndex = 0; path = "01-triangle"; sourceTree = BUILT_PRODUCTS_DIR; };
		32CD5D5B1CC76D3D0064618C /* main.cpp */ = {isa = PBXFileReference; lastKnownFileType = sourcecode.cpp.cpp; path = main.cpp; sourceTree = "<group>"; };
		32CD5D7D1CC772310064618C /* 02-color-triangle */ = {isa = PBXFileReference; explicitFileType = "compiled.mach-o.executable"; includeInIndex = 0; path = "02-color-triangle"; sourceTree = BUILT_PRODUCTS_DIR; };
		32CD5D911CC773510064618C /* 03-texture */ = {isa = PBXFileReference; explicitFileType = "compiled.mach-o.executable"; includeInIndex = 0; path = "03-texture"; sourceTree = BUILT_PRODUCTS_DIR; };
		32CD5DA51CC7744E0064618C /* 04-fbo */ = {isa = PBXFileReference; explicitFileType = "compiled.mach-o.executable"; includeInIndex = 0; path = "04-fbo"; sourceTree = BUILT_PRODUCTS_DIR; };
		32E006171C9262D500B391B3 /* main.cpp */ = {isa = PBXFileReference; lastKnownFileType = sourcecode.cpp.cpp; path = main.cpp; sourceTree = "<group>"; };
		32E017C81C4E5F19005EE4DE /* main.cpp */ = {isa = PBXFileReference; lastKnownFileType = sourcecode.cpp.cpp; path = main.cpp; sourceTree = "<group>"; };
		32E07B2B1C4690CC00A89610 /* CoreFoundation.framework */ = {isa = PBXFileReference; lastKnownFileType = wrapper.framework; name = CoreFoundation.framework; path = System/Library/Frameworks/CoreFoundation.framework; sourceTree = SDKROOT; };
		32E07B2D1C4690FE00A89610 /* GLUT.framework */ = {isa = PBXFileReference; lastKnownFileType = wrapper.framework; name = GLUT.framework; path = System/Library/Frameworks/GLUT.framework; sourceTree = SDKROOT; };
		32E07B2F1C46910800A89610 /* OpenGL.framework */ = {isa = PBXFileReference; lastKnownFileType = wrapper.framework; name = OpenGL.framework; path = System/Library/Frameworks/OpenGL.framework; sourceTree = SDKROOT; };
		32E07B311C46910E00A89610 /* Cocoa.framework */ = {isa = PBXFileReference; lastKnownFileType = wrapper.framework; name = Cocoa.framework; path = System/Library/Frameworks/Cocoa.framework; sourceTree = SDKROOT; };
		32E07B331C46911800A89610 /* IOKit.framework */ = {isa = PBXFileReference; lastKnownFileType = wrapper.framework; name = IOKit.framework; path = System/Library/Frameworks/IOKit.framework; sourceTree = SDKROOT; };
		32E07B351C46912100A89610 /* CoreVideo.framework */ = {isa = PBXFileReference; lastKnownFileType = wrapper.framework; name = CoreVideo.framework; path = System/Library/Frameworks/CoreVideo.framework; sourceTree = SDKROOT; };
		32E07B371C46929000A89610 /* Carbon.framework */ = {isa = PBXFileReference; lastKnownFileType = wrapper.framework; name = Carbon.framework; path = System/Library/Frameworks/Carbon.framework; sourceTree = SDKROOT; };
		32FFDBAE1C8E84110073BC9F /* main.cpp */ = {isa = PBXFileReference; fileEncoding = 4; lastKnownFileType = sourcecode.cpp.cpp; path = main.cpp; sourceTree = "<group>"; };
		32FFDBBB1C8EAC5D0073BC9F /* Shader.h */ = {isa = PBXFileReference; fileEncoding = 4; lastKnownFileType = sourcecode.c.h; path = Shader.h; sourceTree = "<group>"; };
		32FFDBBC1C8EAE5F0073BC9F /* textures.vs */ = {isa = PBXFileReference; fileEncoding = 4; lastKnownFileType = sourcecode.glsl; path = textures.vs; sourceTree = "<group>"; };
		32FFDBBD1C8EAE5F0073BC9F /* textures.frag */ = {isa = PBXFileReference; fileEncoding = 4; lastKnownFileType = sourcecode.glsl; path = textures.frag; sourceTree = "<group>"; };
		32FFDBC21C8EBF5F0073BC9F /* v.jpg */ = {isa = PBXFileReference; lastKnownFileType = image.jpeg; path = v.jpg; sourceTree = "<group>"; };
		32FFDBC31C8EC76B0073BC9F /* wall.jpg */ = {isa = PBXFileReference; lastKnownFileType = image.jpeg; path = wall.jpg; sourceTree = "<group>"; };
/* End PBXFileReference section */

/* Begin PBXFrameworksBuildPhase section */
		32B02F411CC79D440049E378 /* Frameworks */ = {
			isa = PBXFrameworksBuildPhase;
			buildActionMask = 2147483647;
			files = (
				32B02F421CC79D440049E378 /* libGLEW.a in Frameworks */,
				32B02F431CC79D440049E378 /* libglfw3.a in Frameworks */,
				32B02F441CC79D440049E378 /* libSOIL.a in Frameworks */,
				32B02F451CC79D440049E378 /* Cocoa.framework in Frameworks */,
				32B02F461CC79D440049E378 /* Carbon.framework in Frameworks */,
				32B02F471CC79D440049E378 /* CoreVideo.framework in Frameworks */,
				32B02F481CC79D440049E378 /* OpenGL.framework in Frameworks */,
				32B02F491CC79D440049E378 /* GLUT.framework in Frameworks */,
				32B02F4A1CC79D440049E378 /* CoreFoundation.framework in Frameworks */,
				32B02F4B1CC79D440049E378 /* IOKit.framework in Frameworks */,
			);
			runOnlyForDeploymentPostprocessing = 0;
		};
		32CD5D561CC76D3D0064618C /* Frameworks */ = {
			isa = PBXFrameworksBuildPhase;
			buildActionMask = 2147483647;
			files = (
				32CD5D601CC76D9B0064618C /* libGLEW.a in Frameworks */,
				32CD5D611CC76D9D0064618C /* libglfw3.a in Frameworks */,
				32CD5D621CC76D9F0064618C /* libSOIL.a in Frameworks */,
				32CD5D661CC76DAB0064618C /* Cocoa.framework in Frameworks */,
				32CD5D631CC76DA10064618C /* Carbon.framework in Frameworks */,
				32CD5D641CC76DA50064618C /* CoreVideo.framework in Frameworks */,
				32CD5D671CC76DAE0064618C /* OpenGL.framework in Frameworks */,
				32CD5D681CC76DB00064618C /* GLUT.framework in Frameworks */,
				32CD5D691CC76DB20064618C /* CoreFoundation.framework in Frameworks */,
				32CD5D651CC76DA70064618C /* IOKit.framework in Frameworks */,
			);
			runOnlyForDeploymentPostprocessing = 0;
		};
		32CD5D6E1CC772310064618C /* Frameworks */ = {
			isa = PBXFrameworksBuildPhase;
			buildActionMask = 2147483647;
			files = (
				32CD5D6F1CC772310064618C /* libGLEW.a in Frameworks */,
				32CD5D701CC772310064618C /* libglfw3.a in Frameworks */,
				32CD5D711CC772310064618C /* libSOIL.a in Frameworks */,
				32CD5D721CC772310064618C /* Cocoa.framework in Frameworks */,
				32CD5D731CC772310064618C /* Carbon.framework in Frameworks */,
				32CD5D741CC772310064618C /* CoreVideo.framework in Frameworks */,
				32CD5D751CC772310064618C /* OpenGL.framework in Frameworks */,
				32CD5D761CC772310064618C /* GLUT.framework in Frameworks */,
				32CD5D771CC772310064618C /* CoreFoundation.framework in Frameworks */,
				32CD5D781CC772310064618C /* IOKit.framework in Frameworks */,
			);
			runOnlyForDeploymentPostprocessing = 0;
		};
		32CD5D821CC773510064618C /* Frameworks */ = {
			isa = PBXFrameworksBuildPhase;
			buildActionMask = 2147483647;
			files = (
				32CD5D831CC773510064618C /* libGLEW.a in Frameworks */,
				32CD5D841CC773510064618C /* libglfw3.a in Frameworks */,
				32CD5D851CC773510064618C /* libSOIL.a in Frameworks */,
				32CD5D861CC773510064618C /* Cocoa.framework in Frameworks */,
				32CD5D871CC773510064618C /* Carbon.framework in Frameworks */,
				32CD5D881CC773510064618C /* CoreVideo.framework in Frameworks */,
				32CD5D891CC773510064618C /* OpenGL.framework in Frameworks */,
				32CD5D8A1CC773510064618C /* GLUT.framework in Frameworks */,
				32CD5D8B1CC773510064618C /* CoreFoundation.framework in Frameworks */,
				32CD5D8C1CC773510064618C /* IOKit.framework in Frameworks */,
			);
			runOnlyForDeploymentPostprocessing = 0;
		};
		32CD5D961CC7744E0064618C /* Frameworks */ = {
			isa = PBXFrameworksBuildPhase;
			buildActionMask = 2147483647;
			files = (
				32CD5D971CC7744E0064618C /* libGLEW.a in Frameworks */,
				32CD5D981CC7744E0064618C /* libglfw3.a in Frameworks */,
				32CD5D991CC7744E0064618C /* libSOIL.a in Frameworks */,
				32CD5D9A1CC7744E0064618C /* Cocoa.framework in Frameworks */,
				32CD5D9B1CC7744E0064618C /* Carbon.framework in Frameworks */,
				32CD5D9C1CC7744E0064618C /* CoreVideo.framework in Frameworks */,
				32CD5D9D1CC7744E0064618C /* OpenGL.framework in Frameworks */,
				32CD5D9E1CC7744E0064618C /* GLUT.framework in Frameworks */,
				32CD5D9F1CC7744E0064618C /* CoreFoundation.framework in Frameworks */,
				32CD5DA01CC7744E0064618C /* IOKit.framework in Frameworks */,
			);
			runOnlyForDeploymentPostprocessing = 0;
		};
/* End PBXFrameworksBuildPhase section */

/* Begin PBXGroup section */
		329E48761CC8AF08003F5F78 /* res */ = {
			isa = PBXGroup;
			children = (
				329E48771CC8AF18003F5F78 /* v.jpg */,
				329E48781CC8AF18003F5F78 /* wall.jpg */,
			);
			name = res;
			sourceTree = "<group>";
		};
		32B02F551CC79DE00049E378 /* 05-coordinate-system */ = {
			isa = PBXGroup;
			children = (
				32B02F5A1CC7A14B0049E378 /* shader.vs */,
				32B02F5B1CC7A14B0049E378 /* shader.frag */,
				32B02F581CC79E370049E378 /* Shader.h */,
				32B02F561CC79DFB0049E378 /* main.cpp */,
			);
			name = "05-coordinate-system";
			sourceTree = "<group>";
		};
		32BC75BA1C468E500031EF30 = {
			isa = PBXGroup;
			children = (
				3227F56A1CE323C3009EA09B /* config.h */,
				329E48761CC8AF08003F5F78 /* res */,
				32CD5D4F1CC76C8B0064618C /* libGLEW.a */,
				32CD5D501CC76C8B0064618C /* libglfw3.a */,
				32CD5D511CC76C8B0064618C /* libSOIL.a */,
				32E07B371C46929000A89610 /* Carbon.framework */,
				32E07B311C46910E00A89610 /* Cocoa.framework */,
				32E07B2B1C4690CC00A89610 /* CoreFoundation.framework */,
				32E07B351C46912100A89610 /* CoreVideo.framework */,
				32E07B2D1C4690FE00A89610 /* GLUT.framework */,
				32E07B331C46911800A89610 /* IOKit.framework */,
				32E07B2F1C46910800A89610 /* OpenGL.framework */,
				32CD5D5A1CC76D3D0064618C /* 01-triangle */,
				32E017C71C4E5F19005EE4DE /* 02-color-triangle */,
				32FFDBA81C8E83F20073BC9F /* 03-texture */,
				32E006161C9262D500B391B3 /* 04-fbo */,
				32B02F551CC79DE00049E378 /* 05-coordinate-system */,
				32BC75C41C468E500031EF30 /* Products */,
			);
			sourceTree = "<group>";
		};
		32BC75C41C468E500031EF30 /* Products */ = {
			isa = PBXGroup;
			children = (
				32CD5D591CC76D3D0064618C /* 01-triangle */,
				32CD5D7D1CC772310064618C /* 02-color-triangle */,
				32CD5D911CC773510064618C /* 03-texture */,
				32CD5DA51CC7744E0064618C /* 04-fbo */,
				32B02F501CC79D440049E378 /* 05-coordinate-system */,
			);
			name = Products;
			sourceTree = "<group>";
		};
		32CD5D5A1CC76D3D0064618C /* 01-triangle */ = {
			isa = PBXGroup;
			children = (
				32CD5D5B1CC76D3D0064618C /* main.cpp */,
			);
			path = "01-triangle";
			sourceTree = "<group>";
		};
		32E006161C9262D500B391B3 /* 04-fbo */ = {
			isa = PBXGroup;
			children = (
				32E006171C9262D500B391B3 /* main.cpp */,
			);
			path = "04-fbo";
			sourceTree = "<group>";
		};
		32E017C71C4E5F19005EE4DE /* 02-color-triangle */ = {
			isa = PBXGroup;
			children = (
				32E017C81C4E5F19005EE4DE /* main.cpp */,
			);
			path = "02-color-triangle";
			sourceTree = "<group>";
		};
		32FFDBA81C8E83F20073BC9F /* 03-texture */ = {
			isa = PBXGroup;
			children = (
				32FFDBC31C8EC76B0073BC9F /* wall.jpg */,
				32FFDBC21C8EBF5F0073BC9F /* v.jpg */,
				32FFDBBC1C8EAE5F0073BC9F /* textures.vs */,
				32FFDBBD1C8EAE5F0073BC9F /* textures.frag */,
				32FFDBBB1C8EAC5D0073BC9F /* Shader.h */,
				32FFDBAE1C8E84110073BC9F /* main.cpp */,
			);
			path = "03-texture";
			sourceTree = "<group>";
		};
/* End PBXGroup section */

/* Begin PBXNativeTarget section */
		32B02F3E1CC79D440049E378 /* 05-coordinate-system */ = {
			isa = PBXNativeTarget;
			buildConfigurationList = 32B02F4D1CC79D440049E378 /* Build configuration list for PBXNativeTarget "05-coordinate-system" */;
			buildPhases = (
				32B02F3F1CC79D440049E378 /* Sources */,
				32B02F411CC79D440049E378 /* Frameworks */,
				32B02F4C1CC79D440049E378 /* CopyFiles */,
			);
			buildRules = (
			);
			dependencies = (
			);
			name = "05-coordinate-system";
			productName = "01-triangle";
			productReference = 32B02F501CC79D440049E378 /* 05-coordinate-system */;
			productType = "com.apple.product-type.tool";
		};
		32CD5D581CC76D3D0064618C /* 01-triangle */ = {
			isa = PBXNativeTarget;
			buildConfigurationList = 32CD5D5D1CC76D3D0064618C /* Build configuration list for PBXNativeTarget "01-triangle" */;
			buildPhases = (
				32CD5D551CC76D3D0064618C /* Sources */,
				32CD5D561CC76D3D0064618C /* Frameworks */,
				32CD5D571CC76D3D0064618C /* CopyFiles */,
			);
			buildRules = (
			);
			dependencies = (
			);
			name = "01-triangle";
			productName = "01-triangle";
			productReference = 32CD5D591CC76D3D0064618C /* 01-triangle */;
			productType = "com.apple.product-type.tool";
		};
		32CD5D6B1CC772310064618C /* 02-color-triangle */ = {
			isa = PBXNativeTarget;
			buildConfigurationList = 32CD5D7A1CC772310064618C /* Build configuration list for PBXNativeTarget "02-color-triangle" */;
			buildPhases = (
				32CD5D6C1CC772310064618C /* Sources */,
				32CD5D6E1CC772310064618C /* Frameworks */,
				32CD5D791CC772310064618C /* CopyFiles */,
			);
			buildRules = (
			);
			dependencies = (
			);
			name = "02-color-triangle";
			productName = "01-triangle";
			productReference = 32CD5D7D1CC772310064618C /* 02-color-triangle */;
			productType = "com.apple.product-type.tool";
		};
		32CD5D7F1CC773510064618C /* 03-texture */ = {
			isa = PBXNativeTarget;
			buildConfigurationList = 32CD5D8E1CC773510064618C /* Build configuration list for PBXNativeTarget "03-texture" */;
			buildPhases = (
				32CD5D801CC773510064618C /* Sources */,
				32CD5D821CC773510064618C /* Frameworks */,
				32CD5D8D1CC773510064618C /* CopyFiles */,
			);
			buildRules = (
			);
			dependencies = (
			);
			name = "03-texture";
			productName = "01-triangle";
			productReference = 32CD5D911CC773510064618C /* 03-texture */;
			productType = "com.apple.product-type.tool";
		};
		32CD5D931CC7744E0064618C /* 04-fbo */ = {
			isa = PBXNativeTarget;
			buildConfigurationList = 32CD5DA21CC7744E0064618C /* Build configuration list for PBXNativeTarget "04-fbo" */;
			buildPhases = (
				32CD5D941CC7744E0064618C /* Sources */,
				32CD5D961CC7744E0064618C /* Frameworks */,
				32CD5DA11CC7744E0064618C /* CopyFiles */,
			);
			buildRules = (
			);
			dependencies = (
			);
			name = "04-fbo";
			productName = "01-triangle";
			productReference = 32CD5DA51CC7744E0064618C /* 04-fbo */;
			productType = "com.apple.product-type.tool";
		};
/* End PBXNativeTarget section */

/* Begin PBXProject section */
		32BC75BB1C468E500031EF30 /* Project object */ = {
			isa = PBXProject;
			attributes = {
				LastUpgradeCheck = 0720;
				ORGANIZATIONNAME = xujh;
				TargetAttributes = {
					32CD5D581CC76D3D0064618C = {
						CreatedOnToolsVersion = 7.0;
					};
				};
			};
			buildConfigurationList = 32BC75BE1C468E500031EF30 /* Build configuration list for PBXProject "OpengGLPrimer" */;
			compatibilityVersion = "Xcode 3.2";
			developmentRegion = English;
			hasScannedForEncodings = 0;
			knownRegions = (
				en,
			);
			mainGroup = 32BC75BA1C468E500031EF30;
			productRefGroup = 32BC75C41C468E500031EF30 /* Products */;
			projectDirPath = "";
			projectRoot = "";
			targets = (
				32CD5D581CC76D3D0064618C /* 01-triangle */,
				32CD5D6B1CC772310064618C /* 02-color-triangle */,
				32CD5D7F1CC773510064618C /* 03-texture */,
				32CD5D931CC7744E0064618C /* 04-fbo */,
				32B02F3E1CC79D440049E378 /* 05-coordinate-system */,
			);
		};
/* End PBXProject section */

/* Begin PBXSourcesBuildPhase section */
		32B02F3F1CC79D440049E378 /* Sources */ = {
			isa = PBXSourcesBuildPhase;
			buildActionMask = 2147483647;
			files = (
				32B02F591CC79E760049E378 /* main.cpp in Sources */,
			);
			runOnlyForDeploymentPostprocessing = 0;
		};
		32CD5D551CC76D3D0064618C /* Sources */ = {
			isa = PBXSourcesBuildPhase;
			buildActionMask = 2147483647;
			files = (
				32CD5D6A1CC770580064618C /* main.cpp in Sources */,
			);
			runOnlyForDeploymentPostprocessing = 0;
		};
		32CD5D6C1CC772310064618C /* Sources */ = {
			isa = PBXSourcesBuildPhase;
			buildActionMask = 2147483647;
			files = (
				32CD5D7E1CC772560064618C /* main.cpp in Sources */,
			);
			runOnlyForDeploymentPostprocessing = 0;
		};
		32CD5D801CC773510064618C /* Sources */ = {
			isa = PBXSourcesBuildPhase;
			buildActionMask = 2147483647;
			files = (
				32CD5D921CC7736E0064618C /* main.cpp in Sources */,
			);
			runOnlyForDeploymentPostprocessing = 0;
		};
		32CD5D941CC7744E0064618C /* Sources */ = {
			isa = PBXSourcesBuildPhase;
			buildActionMask = 2147483647;
			files = (
				32CD5DA61CC774640064618C /* main.cpp in Sources */,
			);
			runOnlyForDeploymentPostprocessing = 0;
		};
/* End PBXSourcesBuildPhase section */

/* Begin XCBuildConfiguration section */
		32B02F4E1CC79D440049E378 /* Debug */ = {
			isa = XCBuildConfiguration;
			buildSettings = {
				LIBRARY_SEARCH_PATHS = (
					"$(inherited)",
					"$(PROJECT_DIR)/third-libs",
				);
				PRODUCT_NAME = "$(TARGET_NAME)";
			};
			name = Debug;
		};
		32B02F4F1CC79D440049E378 /* Release */ = {
			isa = XCBuildConfiguration;
			buildSettings = {
				LIBRARY_SEARCH_PATHS = (
					"$(inherited)",
					"$(PROJECT_DIR)/third-libs",
				);
				PRODUCT_NAME = "$(TARGET_NAME)";
			};
			name = Release;
		};
		32BC75C81C468E500031EF30 /* Debug */ = {
			isa = XCBuildConfiguration;
			buildSettings = {
				ALWAYS_SEARCH_USER_PATHS = NO;
				CLANG_CXX_LANGUAGE_STANDARD = "gnu++0x";
				CLANG_CXX_LIBRARY = "libc++";
				CLANG_ENABLE_MODULES = YES;
				CLANG_ENABLE_OBJC_ARC = YES;
				CLANG_WARN_BOOL_CONVERSION = YES;
				CLANG_WARN_CONSTANT_CONVERSION = YES;
				CLANG_WARN_DIRECT_OBJC_ISA_USAGE = YES_ERROR;
				CLANG_WARN_EMPTY_BODY = YES;
				CLANG_WARN_ENUM_CONVERSION = YES;
				CLANG_WARN_INT_CONVERSION = YES;
				CLANG_WARN_OBJC_ROOT_CLASS = YES_ERROR;
				CLANG_WARN_UNREACHABLE_CODE = YES;
				CLANG_WARN__DUPLICATE_METHOD_MATCH = YES;
				CODE_SIGN_IDENTITY = "-";
				COPY_PHASE_STRIP = NO;
				DEBUG_INFORMATION_FORMAT = dwarf;
				ENABLE_STRICT_OBJC_MSGSEND = YES;
				ENABLE_TESTABILITY = YES;
				GCC_C_LANGUAGE_STANDARD = gnu99;
				GCC_DYNAMIC_NO_PIC = NO;
				GCC_NO_COMMON_BLOCKS = YES;
				GCC_OPTIMIZATION_LEVEL = 0;
				GCC_PREPROCESSOR_DEFINITIONS = (
					"DEBUG=1",
					"$(inherited)",
				);
				GCC_WARN_64_TO_32_BIT_CONVERSION = YES;
				GCC_WARN_ABOUT_RETURN_TYPE = YES_ERROR;
				GCC_WARN_UNDECLARED_SELECTOR = YES;
				GCC_WARN_UNINITIALIZED_AUTOS = YES_AGGRESSIVE;
				GCC_WARN_UNUSED_FUNCTION = YES;
				GCC_WARN_UNUSED_VARIABLE = YES;
				HEADER_SEARCH_PATHS = (
					"/usr/local/include/GL/**",
					"/usr/local/include/GLFW/**",
					"/usr/local/include/glm/**",
					/usr/local/include,
				);
				LIBRARY_SEARCH_PATHS = /usr/local/lib;
				MACOSX_DEPLOYMENT_TARGET = 10.11;
				MTL_ENABLE_DEBUG_INFO = YES;
				ONLY_ACTIVE_ARCH = YES;
				SDKROOT = macosx;
			};
			name = Debug;
		};
		32BC75C91C468E500031EF30 /* Release */ = {
			isa = XCBuildConfiguration;
			buildSettings = {
				ALWAYS_SEARCH_USER_PATHS = NO;
				CLANG_CXX_LANGUAGE_STANDARD = "gnu++0x";
				CLANG_CXX_LIBRARY = "libc++";
				CLANG_ENABLE_MODULES = YES;
				CLANG_ENABLE_OBJC_ARC = YES;
				CLANG_WARN_BOOL_CONVERSION = YES;
				CLANG_WARN_CONSTANT_CONVERSION = YES;
				CLANG_WARN_DIRECT_OBJC_ISA_USAGE = YES_ERROR;
				CLANG_WARN_EMPTY_BODY = YES;
				CLANG_WARN_ENUM_CONVERSION = YES;
				CLANG_WARN_INT_CONVERSION = YES;
				CLANG_WARN_OBJC_ROOT_CLASS = YES_ERROR;
				CLANG_WARN_UNREACHABLE_CODE = YES;
				CLANG_WARN__DUPLICATE_METHOD_MATCH = YES;
				CODE_SIGN_IDENTITY = "-";
				COPY_PHASE_STRIP = NO;
				DEBUG_INFORMATION_FORMAT = "dwarf-with-dsym";
				ENABLE_NS_ASSERTIONS = NO;
				ENABLE_STRICT_OBJC_MSGSEND = YES;
				GCC_C_LANGUAGE_STANDARD = gnu99;
				GCC_NO_COMMON_BLOCKS = YES;
				GCC_WARN_64_TO_32_BIT_CONVERSION = YES;
				GCC_WARN_ABOUT_RETURN_TYPE = YES_ERROR;
				GCC_WARN_UNDECLARED_SELECTOR = YES;
				GCC_WARN_UNINITIALIZED_AUTOS = YES_AGGRESSIVE;
				GCC_WARN_UNUSED_FUNCTION = YES;
				GCC_WARN_UNUSED_VARIABLE = YES;
				HEADER_SEARCH_PATHS = (
					"/usr/local/include/GL/**",
					"/usr/local/include/GLFW/**",
					"/usr/local/include/glm/**",
					/usr/local/include,
				);
				LIBRARY_SEARCH_PATHS = /usr/local/lib;
				MACOSX_DEPLOYMENT_TARGET = 10.11;
				MTL_ENABLE_DEBUG_INFO = NO;
				SDKROOT = macosx;
			};
			name = Release;
		};
		32CD5D5E1CC76D3D0064618C /* Debug */ = {
			isa = XCBuildConfiguration;
			buildSettings = {
				HEADER_SEARCH_PATHS = (
					"third-libs/include/assimp",
					"third-libs/include/GLFW",
					"third-libs/include/glm",
					"third-libs/include/GL",
					"third-libs/include",
				);
				LIBRARY_SEARCH_PATHS = (
					"$(inherited)",
					"$(PROJECT_DIR)/third-libs",
				);
				PRODUCT_NAME = "$(TARGET_NAME)";
			};
			name = Debug;
		};
		32CD5D5F1CC76D3D0064618C /* Release */ = {
			isa = XCBuildConfiguration;
			buildSettings = {
				HEADER_SEARCH_PATHS = (
					"third-libs/include/assimp",
					"third-libs/include/GLFW",
					"third-libs/include/glm",
					"third-libs/include/GL",
					"third-libs/include",
				);
				LIBRARY_SEARCH_PATHS = (
					"$(inherited)",
					"$(PROJECT_DIR)/third-libs",
				);
				PRODUCT_NAME = "$(TARGET_NAME)";
			};
			name = Release;
		};
		32CD5D7B1CC772310064618C /* Debug */ = {
			isa = XCBuildConfiguration;
			buildSettings = {
				LIBRARY_SEARCH_PATHS = (
					"$(inherited)",
					"$(PROJECT_DIR)/third-libs",
				);
				PRODUCT_NAME = "$(TARGET_NAME)";
			};
			name = Debug;
		};
		32CD5D7C1CC772310064618C /* Release */ = {
			isa = XCBuildConfiguration;
			buildSettings = {
				LIBRARY_SEARCH_PATHS = (
					"$(inherited)",
					"$(PROJECT_DIR)/third-libs",
				);
				PRODUCT_NAME = "$(TARGET_NAME)";
			};
			name = Release;
		};
		32CD5D8F1CC773510064618C /* Debug */ = {
			isa = XCBuildConfiguration;
			buildSettings = {
				LIBRARY_SEARCH_PATHS = (
					"$(inherited)",
					"$(PROJECT_DIR)/third-libs",
				);
				PRODUCT_NAME = "$(TARGET_NAME)";
			};
			name = Debug;
		};
		32CD5D901CC773510064618C /* Release */ = {
			isa = XCBuildConfiguration;
			buildSettings = {
				LIBRARY_SEARCH_PATHS = (
					"$(inherited)",
					"$(PROJECT_DIR)/third-libs",
				);
				PRODUCT_NAME = "$(TARGET_NAME)";
			};
			name = Release;
		};
		32CD5DA31CC7744E0064618C /* Debug */ = {
			isa = XCBuildConfiguration;
			buildSettings = {
				LIBRARY_SEARCH_PATHS = (
					"$(inherited)",
					"$(PROJECT_DIR)/third-libs",
				);
				PRODUCT_NAME = "$(TARGET_NAME)";
			};
			name = Debug;
		};
		32CD5DA41CC7744E0064618C /* Release */ = {
			isa = XCBuildConfiguration;
			buildSettings = {
				LIBRARY_SEARCH_PATHS = (
					"$(inherited)",
					"$(PROJECT_DIR)/third-libs",
				);
				PRODUCT_NAME = "$(TARGET_NAME)";
			};
			name = Release;
		};
/* End XCBuildConfiguration section */

/* Begin XCConfigurationList section */
		32B02F4D1CC79D440049E378 /* Build configuration list for PBXNativeTarget "05-coordinate-system" */ = {
			isa = XCConfigurationList;
			buildConfigurations = (
				32B02F4E1CC79D440049E378 /* Debug */,
				32B02F4F1CC79D440049E378 /* Release */,
			);
			defaultConfigurationIsVisible = 0;
			defaultConfigurationName = Release;
		};
		32BC75BE1C468E500031EF30 /* Build configuration list for PBXProject "OpengGLPrimer" */ = {
			isa = XCConfigurationList;
			buildConfigurations = (
				32BC75C81C468E500031EF30 /* Debug */,
				32BC75C91C468E500031EF30 /* Release */,
			);
			defaultConfigurationIsVisible = 0;
			defaultConfigurationName = Release;
		};
		32CD5D5D1CC76D3D0064618C /* Build configuration list for PBXNativeTarget "01-triangle" */ = {
			isa = XCConfigurationList;
			buildConfigurations = (
				32CD5D5E1CC76D3D0064618C /* Debug */,
				32CD5D5F1CC76D3D0064618C /* Release */,
			);
			defaultConfigurationIsVisible = 0;
			defaultConfigurationName = Release;
		};
		32CD5D7A1CC772310064618C /* Build configuration list for PBXNativeTarget "02-color-triangle" */ = {
			isa = XCConfigurationList;
			buildConfigurations = (
				32CD5D7B1CC772310064618C /* Debug */,
				32CD5D7C1CC772310064618C /* Release */,
			);
			defaultConfigurationIsVisible = 0;
			defaultConfigurationName = Release;
		};
		32CD5D8E1CC773510064618C /* Build configuration list for PBXNativeTarget "03-texture" */ = {
			isa = XCConfigurationList;
			buildConfigurations = (
				32CD5D8F1CC773510064618C /* Debug */,
				32CD5D901CC773510064618C /* Release */,
			);
			defaultConfigurationIsVisible = 0;
			defaultConfigurationName = Release;
		};
		32CD5DA21CC7744E0064618C /* Build configuration list for PBXNativeTarget "04-fbo" */ = {
			isa = XCConfigurationList;
			buildConfigurations = (
				32CD5DA31CC7744E0064618C /* Debug */,
				32CD5DA41CC7744E0064618C /* Release */,
			);
			defaultConfigurationIsVisible = 0;
			defaultConfigurationName = Release;
		};
/* End XCConfigurationList section */
	};
	rootObject = 32BC75BB1C468E500031EF30 /* Project object */;
}
